
Microsoft Visual Studio Solution File, Format Version 12.00
# Visual Studio Version 17
VisualStudioVersion = 17.2.32526.322
MinimumVisualStudioVersion = 10.0.40219.1
Project("{FAE04EC0-301F-11D3-BF4B-00C04F79EFBC}") = "DCE BackEnd Test", "DCE BackEnd Test\DCE BackEnd Test.csproj", "{7F01889A-9F6D-4DDB-8C68-C0A4863E8543}"
EndProject
Global
	GlobalSection(SolutionConfigurationPlatforms) = preSolution
		Debug|Any CPU = Debug|Any CPU
		Release|Any CPU = Release|Any CPU
	EndGlobalSection
	GlobalSection(ProjectConfigurationPlatforms) = postSolution
		{7F01889A-9F6D-4DDB-8C68-C0A4863E8543}.Debug|Any CPU.ActiveCfg = Debug|Any CPU
		{7F01889A-9F6D-4DDB-8C68-C0A4863E8543}.Debug|Any CPU.Build.0 = Debug|Any CPU
		{7F01889A-9F6D-4DDB-8C68-C0A4863E8543}.Release|Any CPU.ActiveCfg = Release|Any CPU
		{7F01889A-9F6D-4DDB-8C68-C0A4863E8543}.Release|Any CPU.Build.0 = Release|Any CPU
	EndGlobalSection
	GlobalSection(SolutionProperties) = preSolution
		HideSolutionNode = FALSE
	EndGlobalSection
	GlobalSection(ExtensibilityGlobals) = postSolution
		SolutionGuid = {4BA2FD7C-DF0B-4A2B-BA8F-0736CF303567}
	EndGlobalSection
EndGlobal
